
Microsoft Visual Studio Solution File, Format Version 12.00
# Visual Studio Version 17
VisualStudioVersion = 17.2.32505.173
MinimumVisualStudioVersion = 10.0.40219.1

Project("{9A19103F-16F7-4668-BE54-9A1E7A4F7556}") = "DatabaseLibrary", "DatabaseLibrary\DatabaseLibrary.csproj", "{90271344-DF39-4F6F-AB63-0B61B73B3853}"
EndProject
Project("{FAE04EC0-301F-11D3-BF4B-00C04F79EFBC}") = "TrainManagerUI", "TrainManagerUI\TrainManagerUI.csproj", "{425EB160-BBFB-45CE-ADEC-E10EA5EB2685}"

EndProject
Global
	GlobalSection(SolutionConfigurationPlatforms) = preSolution
		Debug|Any CPU = Debug|Any CPU
		Release|Any CPU = Release|Any CPU
	EndGlobalSection
	GlobalSection(ProjectConfigurationPlatforms) = postSolution

		{90271344-DF39-4F6F-AB63-0B61B73B3853}.Debug|Any CPU.ActiveCfg = Debug|Any CPU
		{90271344-DF39-4F6F-AB63-0B61B73B3853}.Debug|Any CPU.Build.0 = Debug|Any CPU
		{90271344-DF39-4F6F-AB63-0B61B73B3853}.Release|Any CPU.ActiveCfg = Release|Any CPU
		{90271344-DF39-4F6F-AB63-0B61B73B3853}.Release|Any CPU.Build.0 = Release|Any CPU
		{425EB160-BBFB-45CE-ADEC-E10EA5EB2685}.Debug|Any CPU.ActiveCfg = Debug|Any CPU
		{425EB160-BBFB-45CE-ADEC-E10EA5EB2685}.Debug|Any CPU.Build.0 = Debug|Any CPU
		{425EB160-BBFB-45CE-ADEC-E10EA5EB2685}.Release|Any CPU.ActiveCfg = Release|Any CPU
		{425EB160-BBFB-45CE-ADEC-E10EA5EB2685}.Release|Any CPU.Build.0 = Release|Any CPU

	EndGlobalSection
	GlobalSection(SolutionProperties) = preSolution
		HideSolutionNode = FALSE
	EndGlobalSection
	GlobalSection(ExtensibilityGlobals) = postSolution
		SolutionGuid = {81AD48F7-420F-4D49-B635-115FADF2A68E}
	EndGlobalSection
EndGlobal
